
Microsoft Visual Studio Solution File, Format Version 12.00
# Visual Studio Version 17
VisualStudioVersion = 17.6.33829.357
MinimumVisualStudioVersion = 10.0.40219.1
Project("{FAE04EC0-301F-11D3-BF4B-00C04F79EFBC}") = "Dominio", "..\..\..\Music\TPFinalNivel2_AlvarezGutierrez\Dominio\Dominio.csproj", "{7593BAA4-808E-4D65-950A-C64EAA075100}"
EndProject
Project("{FAE04EC0-301F-11D3-BF4B-00C04F79EFBC}") = "Negocio", "..\..\..\Music\TPFinalNivel2_AlvarezGutierrez\Negocio\Negocio.csproj", "{66018478-E420-49AF-9A0B-E4F2204C976A}"
EndProject
Project("{FAE04EC0-301F-11D3-BF4B-00C04F79EFBC}") = "ASP_NET_Framework", "ASP_NET_Framework\ASP_NET_Framework.csproj", "{56680CDB-D785-4900-B36A-A394D66773AA}"
EndProject
Global
	GlobalSection(SolutionConfigurationPlatforms) = preSolution
		Debug|Any CPU = Debug|Any CPU
		Release|Any CPU = Release|Any CPU
	EndGlobalSection
	GlobalSection(ProjectConfigurationPlatforms) = postSolution
		{7593BAA4-808E-4D65-950A-C64EAA075100}.Debug|Any CPU.ActiveCfg = Debug|Any CPU
		{7593BAA4-808E-4D65-950A-C64EAA075100}.Debug|Any CPU.Build.0 = Debug|Any CPU
		{7593BAA4-808E-4D65-950A-C64EAA075100}.Release|Any CPU.ActiveCfg = Release|Any CPU
		{7593BAA4-808E-4D65-950A-C64EAA075100}.Release|Any CPU.Build.0 = Release|Any CPU
		{66018478-E420-49AF-9A0B-E4F2204C976A}.Debug|Any CPU.ActiveCfg = Debug|Any CPU
		{66018478-E420-49AF-9A0B-E4F2204C976A}.Debug|Any CPU.Build.0 = Debug|Any CPU
		{66018478-E420-49AF-9A0B-E4F2204C976A}.Release|Any CPU.ActiveCfg = Release|Any CPU
		{66018478-E420-49AF-9A0B-E4F2204C976A}.Release|Any CPU.Build.0 = Release|Any CPU
		{56680CDB-D785-4900-B36A-A394D66773AA}.Debug|Any CPU.ActiveCfg = Debug|Any CPU
		{56680CDB-D785-4900-B36A-A394D66773AA}.Debug|Any CPU.Build.0 = Debug|Any CPU
		{56680CDB-D785-4900-B36A-A394D66773AA}.Release|Any CPU.ActiveCfg = Release|Any CPU
		{56680CDB-D785-4900-B36A-A394D66773AA}.Release|Any CPU.Build.0 = Release|Any CPU
	EndGlobalSection
	GlobalSection(SolutionProperties) = preSolution
		HideSolutionNode = FALSE
	EndGlobalSection
	GlobalSection(ExtensibilityGlobals) = postSolution
		SolutionGuid = {4AD4EC0A-36A0-43C0-9D2F-CEC2A23F612B}
	EndGlobalSection
EndGlobal
